
Microsoft Visual Studio Solution File, Format Version 12.00
# Visual Studio Version 17
VisualStudioVersion = 17.0.32112.339
MinimumVisualStudioVersion = 10.0.40219.1
Project("{2150E333-8FDC-42A3-9474-1A3956D46DE8}") = "Interview Preparation Kit", "Interview Preparation Kit", "{3CE39737-9A93-4395-AFAC-CE0C6B808B99}"
EndProject
Project("{2150E333-8FDC-42A3-9474-1A3956D46DE8}") = "Warm-up Challenges", "Warm-up Challenges", "{966ECF17-0815-4E5D-BB4B-1CCB4B895E42}"
EndProject
Project("{9A19103F-16F7-4668-BE54-9A1E7A4F7556}") = "SalesByMatch", "Interview Preparation Kit\Warm-up Challenges\SalesByMatch\SalesByMatch.csproj", "{0483CB25-C33D-43B4-9E0E-BC9B2B931957}"
EndProject
Project("{9A19103F-16F7-4668-BE54-9A1E7A4F7556}") = "SimpleArraySum", "Interview Preparation Kit\Warm-up Challenges\SimpleArraySum\SimpleArraySum.csproj", "{955A0DC7-1370-4059-A7FC-CABDAA737EF9}"
EndProject
Project("{9A19103F-16F7-4668-BE54-9A1E7A4F7556}") = "PlusMinus", "Interview Preparation Kit\Warm-up Challenges\PlusMinus\PlusMinus.csproj", "{93540A2A-BCF6-40FC-B9BA-BD912FE7AA90}"
EndProject
Project("{9A19103F-16F7-4668-BE54-9A1E7A4F7556}") = "Staircase", "Interview Preparation Kit\Warm-up Challenges\Staircase\Staircase.csproj", "{6DD7061F-D6E5-447B-9A49-C097F87DD3F1}"
EndProject
Project("{9A19103F-16F7-4668-BE54-9A1E7A4F7556}") = "JumpingOnClouds", "Interview Preparation Kit\Warm-up Challenges\JumpingOnClouds\JumpingOnClouds.csproj", "{CD8A6B0F-E087-4891-B03B-2BFF210C08D7}"
EndProject
Project("{9A19103F-16F7-4668-BE54-9A1E7A4F7556}") = "RepeatedString", "Interview Preparation Kit\Warm-up Challenges\RepeatedString\RepeatedString.csproj", "{78CE21EC-1B34-4A8B-BDB2-87069F479AD1}"
EndProject
Project("{9A19103F-16F7-4668-BE54-9A1E7A4F7556}") = "ValleysCount", "Interview Preparation Kit\Warm-up Challenges\ValleysCount\ValleysCount.csproj", "{6EF0A10C-B515-4440-923E-839B8F7DD718}"
EndProject
Project("{2150E333-8FDC-42A3-9474-1A3956D46DE8}") = "Arrays", "Arrays", "{994C3BCD-293A-4938-BD49-798DCBF3BCBC}"
EndProject
Project("{9A19103F-16F7-4668-BE54-9A1E7A4F7556}") = "2DArray-DS", "Interview Preparation Kit\Arrays\2DArray-DS\2DArray-DS.csproj", "{01CB5635-5EF5-4D37-B3DD-54FD46691B68}"
EndProject
Project("{9A19103F-16F7-4668-BE54-9A1E7A4F7556}") = "ArrayRotator", "Interview Preparation Kit\Arrays\ArrayRotator\ArrayRotator.csproj", "{87711710-FC1E-40E5-9029-E79F5ECF6F73}"
EndProject
Project("{9A19103F-16F7-4668-BE54-9A1E7A4F7556}") = "NewYearChaos", "Interview Preparation Kit\Arrays\NewYearChaos\NewYearChaos.csproj", "{0BF489D0-D8FE-46DC-9EC8-C82F225E64C5}"
EndProject
Project("{9A19103F-16F7-4668-BE54-9A1E7A4F7556}") = "MinimumSwaps", "Interview Preparation Kit\Arrays\MinimumSwaps\MinimumSwaps.csproj", "{E75CC59A-6C0F-43A0-A2C9-E410200944AF}"
EndProject
Project("{9A19103F-16F7-4668-BE54-9A1E7A4F7556}") = "Array Manipulation", "Interview Preparation Kit\Arrays\Array Manipulation\Array Manipulation.csproj", "{77DF7394-6D75-4CF7-A7AE-595EB77F1CE9}"
EndProject
Project("{2150E333-8FDC-42A3-9474-1A3956D46DE8}") = "Dictionaries and Hashmaps", "Dictionaries and Hashmaps", "{439F1805-FA71-4B69-8F7F-9464BD76CD62}"
EndProject
Project("{9A19103F-16F7-4668-BE54-9A1E7A4F7556}") = "RansomNote", "Interview Preparation Kit\Dictionaries and Hashmaps\RansomNote\RansomNote.csproj", "{6FC79466-A3E6-48A7-B9D5-F231EFE848D0}"
EndProject
Project("{9A19103F-16F7-4668-BE54-9A1E7A4F7556}") = "TwoStrings", "Interview Preparation Kit\Dictionaries and Hashmaps\TwoStrings\TwoStrings.csproj", "{CF4078D9-35B1-4398-ACA3-E1ACA5FD2C8C}"
EndProject
Project("{9A19103F-16F7-4668-BE54-9A1E7A4F7556}") = "SherlockAndAnagrams", "Interview Preparation Kit\Dictionaries and Hashmaps\SherlockAndAnagrams\SherlockAndAnagrams.csproj", "{9B299D12-9F64-4039-9BF4-9C5274A6F7AA}"
EndProject
Project("{2150E333-8FDC-42A3-9474-1A3956D46DE8}") = "Sorting", "Sorting", "{3CC3E26A-6D38-4DD2-9142-D630AB9D768C}"
EndProject
Project("{9A19103F-16F7-4668-BE54-9A1E7A4F7556}") = "BubbleSort", "Interview Preparation Kit\Sorting\BubbleSort\BubbleSort.csproj", "{E28B86E5-8DCA-4943-B134-C45755ACD8FD}"
EndProject
Project("{9A19103F-16F7-4668-BE54-9A1E7A4F7556}") = "MaximumToys", "Interview Preparation Kit\Sorting\MaximumToys\MaximumToys.csproj", "{D826961D-1474-48FA-9056-45A717F3BBFE}"
EndProject
Project("{2150E333-8FDC-42A3-9474-1A3956D46DE8}") = "String Manipulation", "String Manipulation", "{8BB0AD35-EDD0-4E07-ABFA-45980B06AEE3}"
EndProject
Project("{9A19103F-16F7-4668-BE54-9A1E7A4F7556}") = "MakeAnagram", "Interview Preparation Kit\String Manipulation\MakeAnagram\MakeAnagram.csproj", "{031CC522-71CA-4266-B6D8-E367B45FB2BB}"
EndProject
Project("{FAE04EC0-301F-11D3-BF4B-00C04F79EFBC}") = "AlternatingCharacters", "Interview Preparation Kit\String Manipulation\AlternatingCharacters\AlternatingCharacters.csproj", "{FFF39CBD-4CEC-43B9-86E8-267AEC9DB107}"
EndProject
Global
	GlobalSection(SolutionConfigurationPlatforms) = preSolution
		Debug|Any CPU = Debug|Any CPU
		Release|Any CPU = Release|Any CPU
	EndGlobalSection
	GlobalSection(ProjectConfigurationPlatforms) = postSolution
		{0483CB25-C33D-43B4-9E0E-BC9B2B931957}.Debug|Any CPU.ActiveCfg = Debug|Any CPU
		{0483CB25-C33D-43B4-9E0E-BC9B2B931957}.Debug|Any CPU.Build.0 = Debug|Any CPU
		{0483CB25-C33D-43B4-9E0E-BC9B2B931957}.Release|Any CPU.ActiveCfg = Release|Any CPU
		{0483CB25-C33D-43B4-9E0E-BC9B2B931957}.Release|Any CPU.Build.0 = Release|Any CPU
		{955A0DC7-1370-4059-A7FC-CABDAA737EF9}.Debug|Any CPU.ActiveCfg = Debug|Any CPU
		{955A0DC7-1370-4059-A7FC-CABDAA737EF9}.Debug|Any CPU.Build.0 = Debug|Any CPU
		{955A0DC7-1370-4059-A7FC-CABDAA737EF9}.Release|Any CPU.ActiveCfg = Release|Any CPU
		{955A0DC7-1370-4059-A7FC-CABDAA737EF9}.Release|Any CPU.Build.0 = Release|Any CPU
		{93540A2A-BCF6-40FC-B9BA-BD912FE7AA90}.Debug|Any CPU.ActiveCfg = Debug|Any CPU
		{93540A2A-BCF6-40FC-B9BA-BD912FE7AA90}.Debug|Any CPU.Build.0 = Debug|Any CPU
		{93540A2A-BCF6-40FC-B9BA-BD912FE7AA90}.Release|Any CPU.ActiveCfg = Release|Any CPU
		{93540A2A-BCF6-40FC-B9BA-BD912FE7AA90}.Release|Any CPU.Build.0 = Release|Any CPU
		{6DD7061F-D6E5-447B-9A49-C097F87DD3F1}.Debug|Any CPU.ActiveCfg = Debug|Any CPU
		{6DD7061F-D6E5-447B-9A49-C097F87DD3F1}.Debug|Any CPU.Build.0 = Debug|Any CPU
		{6DD7061F-D6E5-447B-9A49-C097F87DD3F1}.Release|Any CPU.ActiveCfg = Release|Any CPU
		{6DD7061F-D6E5-447B-9A49-C097F87DD3F1}.Release|Any CPU.Build.0 = Release|Any CPU
		{CD8A6B0F-E087-4891-B03B-2BFF210C08D7}.Debug|Any CPU.ActiveCfg = Debug|Any CPU
		{CD8A6B0F-E087-4891-B03B-2BFF210C08D7}.Debug|Any CPU.Build.0 = Debug|Any CPU
		{CD8A6B0F-E087-4891-B03B-2BFF210C08D7}.Release|Any CPU.ActiveCfg = Release|Any CPU
		{CD8A6B0F-E087-4891-B03B-2BFF210C08D7}.Release|Any CPU.Build.0 = Release|Any CPU
		{78CE21EC-1B34-4A8B-BDB2-87069F479AD1}.Debug|Any CPU.ActiveCfg = Debug|Any CPU
		{78CE21EC-1B34-4A8B-BDB2-87069F479AD1}.Debug|Any CPU.Build.0 = Debug|Any CPU
		{78CE21EC-1B34-4A8B-BDB2-87069F479AD1}.Release|Any CPU.ActiveCfg = Release|Any CPU
		{78CE21EC-1B34-4A8B-BDB2-87069F479AD1}.Release|Any CPU.Build.0 = Release|Any CPU
		{6EF0A10C-B515-4440-923E-839B8F7DD718}.Debug|Any CPU.ActiveCfg = Debug|Any CPU
		{6EF0A10C-B515-4440-923E-839B8F7DD718}.Debug|Any CPU.Build.0 = Debug|Any CPU
		{6EF0A10C-B515-4440-923E-839B8F7DD718}.Release|Any CPU.ActiveCfg = Release|Any CPU
		{6EF0A10C-B515-4440-923E-839B8F7DD718}.Release|Any CPU.Build.0 = Release|Any CPU
		{01CB5635-5EF5-4D37-B3DD-54FD46691B68}.Debug|Any CPU.ActiveCfg = Debug|Any CPU
		{01CB5635-5EF5-4D37-B3DD-54FD46691B68}.Debug|Any CPU.Build.0 = Debug|Any CPU
		{01CB5635-5EF5-4D37-B3DD-54FD46691B68}.Release|Any CPU.ActiveCfg = Release|Any CPU
		{01CB5635-5EF5-4D37-B3DD-54FD46691B68}.Release|Any CPU.Build.0 = Release|Any CPU
		{87711710-FC1E-40E5-9029-E79F5ECF6F73}.Debug|Any CPU.ActiveCfg = Debug|Any CPU
		{87711710-FC1E-40E5-9029-E79F5ECF6F73}.Debug|Any CPU.Build.0 = Debug|Any CPU
		{87711710-FC1E-40E5-9029-E79F5ECF6F73}.Release|Any CPU.ActiveCfg = Release|Any CPU
		{87711710-FC1E-40E5-9029-E79F5ECF6F73}.Release|Any CPU.Build.0 = Release|Any CPU
		{0BF489D0-D8FE-46DC-9EC8-C82F225E64C5}.Debug|Any CPU.ActiveCfg = Debug|Any CPU
		{0BF489D0-D8FE-46DC-9EC8-C82F225E64C5}.Debug|Any CPU.Build.0 = Debug|Any CPU
		{0BF489D0-D8FE-46DC-9EC8-C82F225E64C5}.Release|Any CPU.ActiveCfg = Release|Any CPU
		{0BF489D0-D8FE-46DC-9EC8-C82F225E64C5}.Release|Any CPU.Build.0 = Release|Any CPU
		{E75CC59A-6C0F-43A0-A2C9-E410200944AF}.Debug|Any CPU.ActiveCfg = Debug|Any CPU
		{E75CC59A-6C0F-43A0-A2C9-E410200944AF}.Debug|Any CPU.Build.0 = Debug|Any CPU
		{E75CC59A-6C0F-43A0-A2C9-E410200944AF}.Release|Any CPU.ActiveCfg = Release|Any CPU
		{E75CC59A-6C0F-43A0-A2C9-E410200944AF}.Release|Any CPU.Build.0 = Release|Any CPU
		{77DF7394-6D75-4CF7-A7AE-595EB77F1CE9}.Debug|Any CPU.ActiveCfg = Debug|Any CPU
		{77DF7394-6D75-4CF7-A7AE-595EB77F1CE9}.Debug|Any CPU.Build.0 = Debug|Any CPU
		{77DF7394-6D75-4CF7-A7AE-595EB77F1CE9}.Release|Any CPU.ActiveCfg = Release|Any CPU
		{77DF7394-6D75-4CF7-A7AE-595EB77F1CE9}.Release|Any CPU.Build.0 = Release|Any CPU
		{6FC79466-A3E6-48A7-B9D5-F231EFE848D0}.Debug|Any CPU.ActiveCfg = Debug|Any CPU
		{6FC79466-A3E6-48A7-B9D5-F231EFE848D0}.Debug|Any CPU.Build.0 = Debug|Any CPU
		{6FC79466-A3E6-48A7-B9D5-F231EFE848D0}.Release|Any CPU.ActiveCfg = Release|Any CPU
		{6FC79466-A3E6-48A7-B9D5-F231EFE848D0}.Release|Any CPU.Build.0 = Release|Any CPU
		{CF4078D9-35B1-4398-ACA3-E1ACA5FD2C8C}.Debug|Any CPU.ActiveCfg = Debug|Any CPU
		{CF4078D9-35B1-4398-ACA3-E1ACA5FD2C8C}.Debug|Any CPU.Build.0 = Debug|Any CPU
		{CF4078D9-35B1-4398-ACA3-E1ACA5FD2C8C}.Release|Any CPU.ActiveCfg = Release|Any CPU
		{CF4078D9-35B1-4398-ACA3-E1ACA5FD2C8C}.Release|Any CPU.Build.0 = Release|Any CPU
		{9B299D12-9F64-4039-9BF4-9C5274A6F7AA}.Debug|Any CPU.ActiveCfg = Debug|Any CPU
		{9B299D12-9F64-4039-9BF4-9C5274A6F7AA}.Debug|Any CPU.Build.0 = Debug|Any CPU
		{9B299D12-9F64-4039-9BF4-9C5274A6F7AA}.Release|Any CPU.ActiveCfg = Release|Any CPU
		{9B299D12-9F64-4039-9BF4-9C5274A6F7AA}.Release|Any CPU.Build.0 = Release|Any CPU
		{E28B86E5-8DCA-4943-B134-C45755ACD8FD}.Debug|Any CPU.ActiveCfg = Debug|Any CPU
		{E28B86E5-8DCA-4943-B134-C45755ACD8FD}.Debug|Any CPU.Build.0 = Debug|Any CPU
		{E28B86E5-8DCA-4943-B134-C45755ACD8FD}.Release|Any CPU.ActiveCfg = Release|Any CPU
		{E28B86E5-8DCA-4943-B134-C45755ACD8FD}.Release|Any CPU.Build.0 = Release|Any CPU
		{D826961D-1474-48FA-9056-45A717F3BBFE}.Debug|Any CPU.ActiveCfg = Debug|Any CPU
		{D826961D-1474-48FA-9056-45A717F3BBFE}.Debug|Any CPU.Build.0 = Debug|Any CPU
		{D826961D-1474-48FA-9056-45A717F3BBFE}.Release|Any CPU.ActiveCfg = Release|Any CPU
		{D826961D-1474-48FA-9056-45A717F3BBFE}.Release|Any CPU.Build.0 = Release|Any CPU
		{031CC522-71CA-4266-B6D8-E367B45FB2BB}.Debug|Any CPU.ActiveCfg = Debug|Any CPU
		{031CC522-71CA-4266-B6D8-E367B45FB2BB}.Debug|Any CPU.Build.0 = Debug|Any CPU
		{031CC522-71CA-4266-B6D8-E367B45FB2BB}.Release|Any CPU.ActiveCfg = Release|Any CPU
		{031CC522-71CA-4266-B6D8-E367B45FB2BB}.Release|Any CPU.Build.0 = Release|Any CPU
		{FFF39CBD-4CEC-43B9-86E8-267AEC9DB107}.Debug|Any CPU.ActiveCfg = Debug|Any CPU
		{FFF39CBD-4CEC-43B9-86E8-267AEC9DB107}.Debug|Any CPU.Build.0 = Debug|Any CPU
		{FFF39CBD-4CEC-43B9-86E8-267AEC9DB107}.Release|Any CPU.ActiveCfg = Release|Any CPU
		{FFF39CBD-4CEC-43B9-86E8-267AEC9DB107}.Release|Any CPU.Build.0 = Release|Any CPU
	EndGlobalSection
	GlobalSection(SolutionProperties) = preSolution
		HideSolutionNode = FALSE
	EndGlobalSection
	GlobalSection(NestedProjects) = preSolution
		{966ECF17-0815-4E5D-BB4B-1CCB4B895E42} = {3CE39737-9A93-4395-AFAC-CE0C6B808B99}
		{0483CB25-C33D-43B4-9E0E-BC9B2B931957} = {966ECF17-0815-4E5D-BB4B-1CCB4B895E42}
		{955A0DC7-1370-4059-A7FC-CABDAA737EF9} = {966ECF17-0815-4E5D-BB4B-1CCB4B895E42}
		{93540A2A-BCF6-40FC-B9BA-BD912FE7AA90} = {966ECF17-0815-4E5D-BB4B-1CCB4B895E42}
		{6DD7061F-D6E5-447B-9A49-C097F87DD3F1} = {966ECF17-0815-4E5D-BB4B-1CCB4B895E42}
		{CD8A6B0F-E087-4891-B03B-2BFF210C08D7} = {966ECF17-0815-4E5D-BB4B-1CCB4B895E42}
		{78CE21EC-1B34-4A8B-BDB2-87069F479AD1} = {966ECF17-0815-4E5D-BB4B-1CCB4B895E42}
		{6EF0A10C-B515-4440-923E-839B8F7DD718} = {966ECF17-0815-4E5D-BB4B-1CCB4B895E42}
		{994C3BCD-293A-4938-BD49-798DCBF3BCBC} = {3CE39737-9A93-4395-AFAC-CE0C6B808B99}
		{01CB5635-5EF5-4D37-B3DD-54FD46691B68} = {994C3BCD-293A-4938-BD49-798DCBF3BCBC}
		{87711710-FC1E-40E5-9029-E79F5ECF6F73} = {994C3BCD-293A-4938-BD49-798DCBF3BCBC}
		{0BF489D0-D8FE-46DC-9EC8-C82F225E64C5} = {994C3BCD-293A-4938-BD49-798DCBF3BCBC}
		{E75CC59A-6C0F-43A0-A2C9-E410200944AF} = {994C3BCD-293A-4938-BD49-798DCBF3BCBC}
		{77DF7394-6D75-4CF7-A7AE-595EB77F1CE9} = {994C3BCD-293A-4938-BD49-798DCBF3BCBC}
		{439F1805-FA71-4B69-8F7F-9464BD76CD62} = {3CE39737-9A93-4395-AFAC-CE0C6B808B99}
		{6FC79466-A3E6-48A7-B9D5-F231EFE848D0} = {439F1805-FA71-4B69-8F7F-9464BD76CD62}
		{CF4078D9-35B1-4398-ACA3-E1ACA5FD2C8C} = {439F1805-FA71-4B69-8F7F-9464BD76CD62}
		{9B299D12-9F64-4039-9BF4-9C5274A6F7AA} = {439F1805-FA71-4B69-8F7F-9464BD76CD62}
		{3CC3E26A-6D38-4DD2-9142-D630AB9D768C} = {3CE39737-9A93-4395-AFAC-CE0C6B808B99}
		{E28B86E5-8DCA-4943-B134-C45755ACD8FD} = {3CC3E26A-6D38-4DD2-9142-D630AB9D768C}
		{D826961D-1474-48FA-9056-45A717F3BBFE} = {3CC3E26A-6D38-4DD2-9142-D630AB9D768C}
		{8BB0AD35-EDD0-4E07-ABFA-45980B06AEE3} = {3CE39737-9A93-4395-AFAC-CE0C6B808B99}
		{031CC522-71CA-4266-B6D8-E367B45FB2BB} = {8BB0AD35-EDD0-4E07-ABFA-45980B06AEE3}
		{FFF39CBD-4CEC-43B9-86E8-267AEC9DB107} = {8BB0AD35-EDD0-4E07-ABFA-45980B06AEE3}
	EndGlobalSection
	GlobalSection(ExtensibilityGlobals) = postSolution
		SolutionGuid = {5ACFAEAC-CFE5-4A55-BE1C-083E06870BD7}
	EndGlobalSection
EndGlobal
