
Microsoft Visual Studio Solution File, Format Version 12.00
# Visual Studio Version 17
VisualStudioVersion = 17.0.32112.339
MinimumVisualStudioVersion = 10.0.40219.1
Project("{2150E333-8FDC-42A3-9474-1A3956D46DE8}") = "Interview Preparation Kit", "Interview Preparation Kit", "{3CE39737-9A93-4395-AFAC-CE0C6B808B99}"
EndProject
Project("{2150E333-8FDC-42A3-9474-1A3956D46DE8}") = "Warm-up Challenges", "Warm-up Challenges", "{966ECF17-0815-4E5D-BB4B-1CCB4B895E42}"
EndProject
Project("{9A19103F-16F7-4668-BE54-9A1E7A4F7556}") = "SalesByMatch", "Interview Preparation Kit\Warm-up Challenges\SalesByMatch\SalesByMatch.csproj", "{0483CB25-C33D-43B4-9E0E-BC9B2B931957}"
EndProject
Project("{9A19103F-16F7-4668-BE54-9A1E7A4F7556}") = "SimpleArraySum", "Interview Preparation Kit\Warm-up Challenges\SimpleArraySum\SimpleArraySum.csproj", "{955A0DC7-1370-4059-A7FC-CABDAA737EF9}"
EndProject
Project("{9A19103F-16F7-4668-BE54-9A1E7A4F7556}") = "PlusMinus", "Interview Preparation Kit\Warm-up Challenges\PlusMinus\PlusMinus.csproj", "{93540A2A-BCF6-40FC-B9BA-BD912FE7AA90}"
EndProject
Project("{9A19103F-16F7-4668-BE54-9A1E7A4F7556}") = "Staircase", "Interview Preparation Kit\Warm-up Challenges\Staircase\Staircase.csproj", "{6DD7061F-D6E5-447B-9A49-C097F87DD3F1}"
EndProject
Project("{9A19103F-16F7-4668-BE54-9A1E7A4F7556}") = "JumpingOnClouds", "Interview Preparation Kit\Warm-up Challenges\JumpingOnClouds\JumpingOnClouds.csproj", "{CD8A6B0F-E087-4891-B03B-2BFF210C08D7}"
EndProject
Project("{FAE04EC0-301F-11D3-BF4B-00C04F79EFBC}") = "RepeatedString", "Interview Preparation Kit\Warm-up Challenges\RepeatedString\RepeatedString.csproj", "{78CE21EC-1B34-4A8B-BDB2-87069F479AD1}"
EndProject
Project("{FAE04EC0-301F-11D3-BF4B-00C04F79EFBC}") = "ValleysCount", "Interview Preparation Kit\Warm-up Challenges\ValleysCount\ValleysCount.csproj", "{6EF0A10C-B515-4440-923E-839B8F7DD718}"
EndProject
Global
	GlobalSection(SolutionConfigurationPlatforms) = preSolution
		Debug|Any CPU = Debug|Any CPU
		Release|Any CPU = Release|Any CPU
	EndGlobalSection
	GlobalSection(ProjectConfigurationPlatforms) = postSolution
		{0483CB25-C33D-43B4-9E0E-BC9B2B931957}.Debug|Any CPU.ActiveCfg = Debug|Any CPU
		{0483CB25-C33D-43B4-9E0E-BC9B2B931957}.Debug|Any CPU.Build.0 = Debug|Any CPU
		{0483CB25-C33D-43B4-9E0E-BC9B2B931957}.Release|Any CPU.ActiveCfg = Release|Any CPU
		{0483CB25-C33D-43B4-9E0E-BC9B2B931957}.Release|Any CPU.Build.0 = Release|Any CPU
		{955A0DC7-1370-4059-A7FC-CABDAA737EF9}.Debug|Any CPU.ActiveCfg = Debug|Any CPU
		{955A0DC7-1370-4059-A7FC-CABDAA737EF9}.Debug|Any CPU.Build.0 = Debug|Any CPU
		{955A0DC7-1370-4059-A7FC-CABDAA737EF9}.Release|Any CPU.ActiveCfg = Release|Any CPU
		{955A0DC7-1370-4059-A7FC-CABDAA737EF9}.Release|Any CPU.Build.0 = Release|Any CPU
		{93540A2A-BCF6-40FC-B9BA-BD912FE7AA90}.Debug|Any CPU.ActiveCfg = Debug|Any CPU
		{93540A2A-BCF6-40FC-B9BA-BD912FE7AA90}.Debug|Any CPU.Build.0 = Debug|Any CPU
		{93540A2A-BCF6-40FC-B9BA-BD912FE7AA90}.Release|Any CPU.ActiveCfg = Release|Any CPU
		{93540A2A-BCF6-40FC-B9BA-BD912FE7AA90}.Release|Any CPU.Build.0 = Release|Any CPU
		{6DD7061F-D6E5-447B-9A49-C097F87DD3F1}.Debug|Any CPU.ActiveCfg = Debug|Any CPU
		{6DD7061F-D6E5-447B-9A49-C097F87DD3F1}.Debug|Any CPU.Build.0 = Debug|Any CPU
		{6DD7061F-D6E5-447B-9A49-C097F87DD3F1}.Release|Any CPU.ActiveCfg = Release|Any CPU
		{6DD7061F-D6E5-447B-9A49-C097F87DD3F1}.Release|Any CPU.Build.0 = Release|Any CPU
		{CD8A6B0F-E087-4891-B03B-2BFF210C08D7}.Debug|Any CPU.ActiveCfg = Debug|Any CPU
		{CD8A6B0F-E087-4891-B03B-2BFF210C08D7}.Debug|Any CPU.Build.0 = Debug|Any CPU
		{CD8A6B0F-E087-4891-B03B-2BFF210C08D7}.Release|Any CPU.ActiveCfg = Release|Any CPU
		{CD8A6B0F-E087-4891-B03B-2BFF210C08D7}.Release|Any CPU.Build.0 = Release|Any CPU
		{78CE21EC-1B34-4A8B-BDB2-87069F479AD1}.Debug|Any CPU.ActiveCfg = Debug|Any CPU
		{78CE21EC-1B34-4A8B-BDB2-87069F479AD1}.Debug|Any CPU.Build.0 = Debug|Any CPU
		{78CE21EC-1B34-4A8B-BDB2-87069F479AD1}.Release|Any CPU.ActiveCfg = Release|Any CPU
		{78CE21EC-1B34-4A8B-BDB2-87069F479AD1}.Release|Any CPU.Build.0 = Release|Any CPU
		{6EF0A10C-B515-4440-923E-839B8F7DD718}.Debug|Any CPU.ActiveCfg = Debug|Any CPU
		{6EF0A10C-B515-4440-923E-839B8F7DD718}.Debug|Any CPU.Build.0 = Debug|Any CPU
		{6EF0A10C-B515-4440-923E-839B8F7DD718}.Release|Any CPU.ActiveCfg = Release|Any CPU
		{6EF0A10C-B515-4440-923E-839B8F7DD718}.Release|Any CPU.Build.0 = Release|Any CPU
	EndGlobalSection
	GlobalSection(SolutionProperties) = preSolution
		HideSolutionNode = FALSE
	EndGlobalSection
	GlobalSection(NestedProjects) = preSolution
		{966ECF17-0815-4E5D-BB4B-1CCB4B895E42} = {3CE39737-9A93-4395-AFAC-CE0C6B808B99}
		{0483CB25-C33D-43B4-9E0E-BC9B2B931957} = {966ECF17-0815-4E5D-BB4B-1CCB4B895E42}
		{955A0DC7-1370-4059-A7FC-CABDAA737EF9} = {966ECF17-0815-4E5D-BB4B-1CCB4B895E42}
		{93540A2A-BCF6-40FC-B9BA-BD912FE7AA90} = {966ECF17-0815-4E5D-BB4B-1CCB4B895E42}
		{6DD7061F-D6E5-447B-9A49-C097F87DD3F1} = {966ECF17-0815-4E5D-BB4B-1CCB4B895E42}
		{CD8A6B0F-E087-4891-B03B-2BFF210C08D7} = {966ECF17-0815-4E5D-BB4B-1CCB4B895E42}
		{78CE21EC-1B34-4A8B-BDB2-87069F479AD1} = {966ECF17-0815-4E5D-BB4B-1CCB4B895E42}
		{6EF0A10C-B515-4440-923E-839B8F7DD718} = {966ECF17-0815-4E5D-BB4B-1CCB4B895E42}
	EndGlobalSection
	GlobalSection(ExtensibilityGlobals) = postSolution
		SolutionGuid = {5ACFAEAC-CFE5-4A55-BE1C-083E06870BD7}
	EndGlobalSection
EndGlobal
